{
	"name": "@w3rone/json-schema-form",
	"version": "0.0.1",
	"lockfileVersion": 2,
	"requires": true,
	"packages": {
		"": {
			"name": "@w3rone/json-schema-form",
			"version": "0.0.1",
			"license": "MIT",
			"dependencies": {
				"@react-hook/async": "^3.1.1",
				"immer": "^9.0.21",
				"lodash.get": "^4.4.2",
				"lodash.set": "^4.3.2",
				"react-error-boundary": "^4.0.3",
				"remeda": "^1.12.0",
				"ts-pattern": "^4.2.2"
			},
			"devDependencies": {
				"@types/lodash.get": "^4.4.7",
				"@types/lodash.set": "^4.3.7",
				"@types/react": "^18.0.35",
				"prettier": "^2.8.7",
				"typescript": "^5.0.4"
			},
			"peerDependencies": {
				"react": "^18.2.0"
			}
		},
		"node_modules/@babel/runtime": {
			"version": "7.21.0",
			"resolved": "https://registry.npmjs.org/@babel/runtime/-/runtime-7.21.0.tgz",
			"integrity": "sha512-xwII0//EObnq89Ji5AKYQaRYiW/nZ3llSv29d49IuxPhKbtJoLP+9QUUZ4nVragQVtaVGeZrpB+ZtG/Pdy/POw==",
			"dependencies": {
				"regenerator-runtime": "^0.13.11"
			},
			"engines": {
				"node": ">=6.9.0"
			}
		},
		"node_modules/@react-hook/async": {
			"version": "3.1.1",
			"resolved": "https://registry.npmjs.org/@react-hook/async/-/async-3.1.1.tgz",
			"integrity": "sha512-C9KoDSIjhmVwm6jXPnWfVqqrdPvqOnvUrkUStkUUODV4F1GfNlyVdmYx/54HsgMlham61xEF6UvScqiLTaHYeQ==",
			"dependencies": {
				"@react-hook/latest": "^1.0.2"
			},
			"peerDependencies": {
				"react": ">=16.8"
			}
		},
		"node_modules/@react-hook/latest": {
			"version": "1.0.3",
			"resolved": "https://registry.npmjs.org/@react-hook/latest/-/latest-1.0.3.tgz",
			"integrity": "sha512-dy6duzl+JnAZcDbNTfmaP3xHiKtbXYOaz3G51MGVljh548Y8MWzTr+PHLOfvpypEVW9zwvl+VyKjbWKEVbV1Rg==",
			"peerDependencies": {
				"react": ">=16.8"
			}
		},
		"node_modules/@types/lodash": {
			"version": "4.14.192",
			"resolved": "https://registry.npmjs.org/@types/lodash/-/lodash-4.14.192.tgz",
			"integrity": "sha512-km+Vyn3BYm5ytMO13k9KTp27O75rbQ0NFw+U//g+PX7VZyjCioXaRFisqSIJRECljcTv73G3i6BpglNGHgUQ5A==",
			"dev": true
		},
		"node_modules/@types/lodash.get": {
			"version": "4.4.7",
			"resolved": "https://registry.npmjs.org/@types/lodash.get/-/lodash.get-4.4.7.tgz",
			"integrity": "sha512-af34Mj+KdDeuzsJBxc/XeTtOx0SZHZNLd+hdrn+PcKGQs0EG2TJTzQAOTCZTgDJCArahlCzLWSy8c2w59JRz7Q==",
			"dev": true,
			"dependencies": {
				"@types/lodash": "*"
			}
		},
		"node_modules/@types/lodash.set": {
			"version": "4.3.7",
			"resolved": "https://registry.npmjs.org/@types/lodash.set/-/lodash.set-4.3.7.tgz",
			"integrity": "sha512-bS5Wkg/nrT82YUfkNYPSccFrNZRL+irl7Yt4iM6OTSQ0VZJED2oUIVm15NkNtUAQ8SRhCe+axqERUV6MJgkeEg==",
			"dev": true,
			"dependencies": {
				"@types/lodash": "*"
			}
		},
		"node_modules/@types/prop-types": {
			"version": "15.7.5",
			"resolved": "https://registry.npmjs.org/@types/prop-types/-/prop-types-15.7.5.tgz",
			"integrity": "sha512-JCB8C6SnDoQf0cNycqd/35A7MjcnK+ZTqE7judS6o7utxUCg6imJg3QK2qzHKszlTjcj2cn+NwMB2i96ubpj7w==",
			"dev": true
		},
		"node_modules/@types/react": {
			"version": "18.0.35",
			"resolved": "https://registry.npmjs.org/@types/react/-/react-18.0.35.tgz",
			"integrity": "sha512-6Laome31HpetaIUGFWl1VQ3mdSImwxtFZ39rh059a1MNnKGqBpC88J6NJ8n/Is3Qx7CefDGLgf/KhN/sYCf7ag==",
			"dev": true,
			"dependencies": {
				"@types/prop-types": "*",
				"@types/scheduler": "*",
				"csstype": "^3.0.2"
			}
		},
		"node_modules/@types/scheduler": {
			"version": "0.16.3",
			"resolved": "https://registry.npmjs.org/@types/scheduler/-/scheduler-0.16.3.tgz",
			"integrity": "sha512-5cJ8CB4yAx7BH1oMvdU0Jh9lrEXyPkar6F9G/ERswkCuvP4KQZfZkSjcMbAICCpQTN4OuZn8tz0HiKv9TGZgrQ==",
			"dev": true
		},
		"node_modules/csstype": {
			"version": "3.1.2",
			"resolved": "https://registry.npmjs.org/csstype/-/csstype-3.1.2.tgz",
			"integrity": "sha512-I7K1Uu0MBPzaFKg4nI5Q7Vs2t+3gWWW648spaF+Rg7pI9ds18Ugn+lvg4SHczUdKlHI5LWBXyqfS8+DufyBsgQ==",
			"dev": true
		},
		"node_modules/immer": {
			"version": "9.0.21",
			"resolved": "https://registry.npmjs.org/immer/-/immer-9.0.21.tgz",
			"integrity": "sha512-bc4NBHqOqSfRW7POMkHd51LvClaeMXpm8dx0e8oE2GORbq5aRK7Bxl4FyzVLdGtLmvLKL7BTDBG5ACQm4HWjTA==",
			"funding": {
				"type": "opencollective",
				"url": "https://opencollective.com/immer"
			}
		},
		"node_modules/js-tokens": {
			"version": "4.0.0",
			"resolved": "https://registry.npmjs.org/js-tokens/-/js-tokens-4.0.0.tgz",
			"integrity": "sha512-RdJUflcE3cUzKiMqQgsCu06FPu9UdIJO0beYbPhHN4k6apgJtifcoCtT9bcxOpYBtpD2kCM6Sbzg4CausW/PKQ==",
			"peer": true
		},
		"node_modules/lodash.get": {
			"version": "4.4.2",
			"resolved": "https://registry.npmjs.org/lodash.get/-/lodash.get-4.4.2.tgz",
			"integrity": "sha512-z+Uw/vLuy6gQe8cfaFWD7p0wVv8fJl3mbzXh33RS+0oW2wvUqiRXiQ69gLWSLpgB5/6sU+r6BlQR0MBILadqTQ=="
		},
		"node_modules/lodash.set": {
			"version": "4.3.2",
			"resolved": "https://registry.npmjs.org/lodash.set/-/lodash.set-4.3.2.tgz",
			"integrity": "sha512-4hNPN5jlm/N/HLMCO43v8BXKq9Z7QdAGc/VGrRD61w8gN9g/6jF9A4L1pbUgBLCffi0w9VsXfTOij5x8iTyFvg=="
		},
		"node_modules/loose-envify": {
			"version": "1.4.0",
			"resolved": "https://registry.npmjs.org/loose-envify/-/loose-envify-1.4.0.tgz",
			"integrity": "sha512-lyuxPGr/Wfhrlem2CL/UcnUc1zcqKAImBDzukY7Y5F/yQiNdko6+fRLevlw1HgMySw7f611UIY408EtxRSoK3Q==",
			"peer": true,
			"dependencies": {
				"js-tokens": "^3.0.0 || ^4.0.0"
			},
			"bin": {
				"loose-envify": "cli.js"
			}
		},
		"node_modules/prettier": {
			"version": "2.8.7",
			"resolved": "https://registry.npmjs.org/prettier/-/prettier-2.8.7.tgz",
			"integrity": "sha512-yPngTo3aXUUmyuTjeTUT75txrf+aMh9FiD7q9ZE/i6r0bPb22g4FsE6Y338PQX1bmfy08i9QQCB7/rcUAVntfw==",
			"dev": true,
			"bin": {
				"prettier": "bin-prettier.js"
			},
			"engines": {
				"node": ">=10.13.0"
			},
			"funding": {
				"url": "https://github.com/prettier/prettier?sponsor=1"
			}
		},
		"node_modules/react": {
			"version": "18.2.0",
			"resolved": "https://registry.npmjs.org/react/-/react-18.2.0.tgz",
			"integrity": "sha512-/3IjMdb2L9QbBdWiW5e3P2/npwMBaU9mHCSCUzNln0ZCYbcfTsGbTJrU/kGemdH2IWmB2ioZ+zkxtmq6g09fGQ==",
			"peer": true,
			"dependencies": {
				"loose-envify": "^1.1.0"
			},
			"engines": {
				"node": ">=0.10.0"
			}
		},
		"node_modules/react-error-boundary": {
			"version": "4.0.3",
			"resolved": "https://registry.npmjs.org/react-error-boundary/-/react-error-boundary-4.0.3.tgz",
			"integrity": "sha512-IzNKP/ViHWp2QRDgsDMirEcf0XLsLueN6Wgzm1TVwgbAH+paX8Z42VyKvZcFFRHgd+rPK2P4TLrOrHC/dommew==",
			"dependencies": {
				"@babel/runtime": "^7.12.5"
			},
			"peerDependencies": {
				"react": ">=16.13.1"
			}
		},
		"node_modules/regenerator-runtime": {
			"version": "0.13.11",
			"resolved": "https://registry.npmjs.org/regenerator-runtime/-/regenerator-runtime-0.13.11.tgz",
			"integrity": "sha512-kY1AZVr2Ra+t+piVaJ4gxaFaReZVH40AKNo7UCX6W+dEwBo/2oZJzqfuN1qLq1oL45o56cPaTXELwrTh8Fpggg=="
		},
		"node_modules/remeda": {
			"version": "1.12.0",
			"resolved": "https://registry.npmjs.org/remeda/-/remeda-1.12.0.tgz",
			"integrity": "sha512-IuuWrP1UEyAafKHPQ6bSRGKUxvMh/Kla5LP8ujM/BMf3ciwt5M68j0vlYOl1pIv3J2pS+BMlFKqLtHoYuzcwYQ=="
		},
		"node_modules/ts-pattern": {
			"version": "4.2.2",
			"resolved": "https://registry.npmjs.org/ts-pattern/-/ts-pattern-4.2.2.tgz",
			"integrity": "sha512-qzJMo2pbkUJWusRH5o8xR+xogn6RmvViyUgwBFTtRENLse470clCGjHDf6haWGZ1AOmk8XkEohUoBW8Uut6Scg=="
		},
		"node_modules/typescript": {
			"version": "5.0.4",
			"resolved": "https://registry.npmjs.org/typescript/-/typescript-5.0.4.tgz",
			"integrity": "sha512-cW9T5W9xY37cc+jfEnaUvX91foxtHkza3Nw3wkoF4sSlKn0MONdkdEndig/qPBWXNkmplh3NzayQzCiHM4/hqw==",
			"dev": true,
			"bin": {
				"tsc": "bin/tsc",
				"tsserver": "bin/tsserver"
			},
			"engines": {
				"node": ">=12.20"
			}
		}
	},
	"dependencies": {
		"@babel/runtime": {
			"version": "7.21.0",
			"resolved": "https://registry.npmjs.org/@babel/runtime/-/runtime-7.21.0.tgz",
			"integrity": "sha512-xwII0//EObnq89Ji5AKYQaRYiW/nZ3llSv29d49IuxPhKbtJoLP+9QUUZ4nVragQVtaVGeZrpB+ZtG/Pdy/POw==",
			"requires": {
				"regenerator-runtime": "^0.13.11"
			}
		},
		"@react-hook/async": {
			"version": "3.1.1",
			"resolved": "https://registry.npmjs.org/@react-hook/async/-/async-3.1.1.tgz",
			"integrity": "sha512-C9KoDSIjhmVwm6jXPnWfVqqrdPvqOnvUrkUStkUUODV4F1GfNlyVdmYx/54HsgMlham61xEF6UvScqiLTaHYeQ==",
			"requires": {
				"@react-hook/latest": "^1.0.2"
			}
		},
		"@react-hook/latest": {
			"version": "1.0.3",
			"resolved": "https://registry.npmjs.org/@react-hook/latest/-/latest-1.0.3.tgz",
			"integrity": "sha512-dy6duzl+JnAZcDbNTfmaP3xHiKtbXYOaz3G51MGVljh548Y8MWzTr+PHLOfvpypEVW9zwvl+VyKjbWKEVbV1Rg==",
			"requires": {}
		},
		"@types/lodash": {
			"version": "4.14.192",
			"resolved": "https://registry.npmjs.org/@types/lodash/-/lodash-4.14.192.tgz",
			"integrity": "sha512-km+Vyn3BYm5ytMO13k9KTp27O75rbQ0NFw+U//g+PX7VZyjCioXaRFisqSIJRECljcTv73G3i6BpglNGHgUQ5A==",
			"dev": true
		},
		"@types/lodash.get": {
			"version": "4.4.7",
			"resolved": "https://registry.npmjs.org/@types/lodash.get/-/lodash.get-4.4.7.tgz",
			"integrity": "sha512-af34Mj+KdDeuzsJBxc/XeTtOx0SZHZNLd+hdrn+PcKGQs0EG2TJTzQAOTCZTgDJCArahlCzLWSy8c2w59JRz7Q==",
			"dev": true,
			"requires": {
				"@types/lodash": "*"
			}
		},
		"@types/lodash.set": {
			"version": "4.3.7",
			"resolved": "https://registry.npmjs.org/@types/lodash.set/-/lodash.set-4.3.7.tgz",
			"integrity": "sha512-bS5Wkg/nrT82YUfkNYPSccFrNZRL+irl7Yt4iM6OTSQ0VZJED2oUIVm15NkNtUAQ8SRhCe+axqERUV6MJgkeEg==",
			"dev": true,
			"requires": {
				"@types/lodash": "*"
			}
		},
		"@types/prop-types": {
			"version": "15.7.5",
			"resolved": "https://registry.npmjs.org/@types/prop-types/-/prop-types-15.7.5.tgz",
			"integrity": "sha512-JCB8C6SnDoQf0cNycqd/35A7MjcnK+ZTqE7judS6o7utxUCg6imJg3QK2qzHKszlTjcj2cn+NwMB2i96ubpj7w==",
			"dev": true
		},
		"@types/react": {
			"version": "18.0.35",
			"resolved": "https://registry.npmjs.org/@types/react/-/react-18.0.35.tgz",
			"integrity": "sha512-6Laome31HpetaIUGFWl1VQ3mdSImwxtFZ39rh059a1MNnKGqBpC88J6NJ8n/Is3Qx7CefDGLgf/KhN/sYCf7ag==",
			"dev": true,
			"requires": {
				"@types/prop-types": "*",
				"@types/scheduler": "*",
				"csstype": "^3.0.2"
			}
		},
		"@types/scheduler": {
			"version": "0.16.3",
			"resolved": "https://registry.npmjs.org/@types/scheduler/-/scheduler-0.16.3.tgz",
			"integrity": "sha512-5cJ8CB4yAx7BH1oMvdU0Jh9lrEXyPkar6F9G/ERswkCuvP4KQZfZkSjcMbAICCpQTN4OuZn8tz0HiKv9TGZgrQ==",
			"dev": true
		},
		"csstype": {
			"version": "3.1.2",
			"resolved": "https://registry.npmjs.org/csstype/-/csstype-3.1.2.tgz",
			"integrity": "sha512-I7K1Uu0MBPzaFKg4nI5Q7Vs2t+3gWWW648spaF+Rg7pI9ds18Ugn+lvg4SHczUdKlHI5LWBXyqfS8+DufyBsgQ==",
			"dev": true
		},
		"immer": {
			"version": "9.0.21",
			"resolved": "https://registry.npmjs.org/immer/-/immer-9.0.21.tgz",
			"integrity": "sha512-bc4NBHqOqSfRW7POMkHd51LvClaeMXpm8dx0e8oE2GORbq5aRK7Bxl4FyzVLdGtLmvLKL7BTDBG5ACQm4HWjTA=="
		},
		"js-tokens": {
			"version": "4.0.0",
			"resolved": "https://registry.npmjs.org/js-tokens/-/js-tokens-4.0.0.tgz",
			"integrity": "sha512-RdJUflcE3cUzKiMqQgsCu06FPu9UdIJO0beYbPhHN4k6apgJtifcoCtT9bcxOpYBtpD2kCM6Sbzg4CausW/PKQ==",
			"peer": true
		},
		"lodash.get": {
			"version": "4.4.2",
			"resolved": "https://registry.npmjs.org/lodash.get/-/lodash.get-4.4.2.tgz",
			"integrity": "sha512-z+Uw/vLuy6gQe8cfaFWD7p0wVv8fJl3mbzXh33RS+0oW2wvUqiRXiQ69gLWSLpgB5/6sU+r6BlQR0MBILadqTQ=="
		},
		"lodash.set": {
			"version": "4.3.2",
			"resolved": "https://registry.npmjs.org/lodash.set/-/lodash.set-4.3.2.tgz",
			"integrity": "sha512-4hNPN5jlm/N/HLMCO43v8BXKq9Z7QdAGc/VGrRD61w8gN9g/6jF9A4L1pbUgBLCffi0w9VsXfTOij5x8iTyFvg=="
		},
		"loose-envify": {
			"version": "1.4.0",
			"resolved": "https://registry.npmjs.org/loose-envify/-/loose-envify-1.4.0.tgz",
			"integrity": "sha512-lyuxPGr/Wfhrlem2CL/UcnUc1zcqKAImBDzukY7Y5F/yQiNdko6+fRLevlw1HgMySw7f611UIY408EtxRSoK3Q==",
			"peer": true,
			"requires": {
				"js-tokens": "^3.0.0 || ^4.0.0"
			}
		},
		"prettier": {
			"version": "2.8.7",
			"resolved": "https://registry.npmjs.org/prettier/-/prettier-2.8.7.tgz",
			"integrity": "sha512-yPngTo3aXUUmyuTjeTUT75txrf+aMh9FiD7q9ZE/i6r0bPb22g4FsE6Y338PQX1bmfy08i9QQCB7/rcUAVntfw==",
			"dev": true
		},
		"react": {
			"version": "18.2.0",
			"resolved": "https://registry.npmjs.org/react/-/react-18.2.0.tgz",
			"integrity": "sha512-/3IjMdb2L9QbBdWiW5e3P2/npwMBaU9mHCSCUzNln0ZCYbcfTsGbTJrU/kGemdH2IWmB2ioZ+zkxtmq6g09fGQ==",
			"peer": true,
			"requires": {
				"loose-envify": "^1.1.0"
			}
		},
		"react-error-boundary": {
			"version": "4.0.3",
			"resolved": "https://registry.npmjs.org/react-error-boundary/-/react-error-boundary-4.0.3.tgz",
			"integrity": "sha512-IzNKP/ViHWp2QRDgsDMirEcf0XLsLueN6Wgzm1TVwgbAH+paX8Z42VyKvZcFFRHgd+rPK2P4TLrOrHC/dommew==",
			"requires": {
				"@babel/runtime": "^7.12.5"
			}
		},
		"regenerator-runtime": {
			"version": "0.13.11",
			"resolved": "https://registry.npmjs.org/regenerator-runtime/-/regenerator-runtime-0.13.11.tgz",
			"integrity": "sha512-kY1AZVr2Ra+t+piVaJ4gxaFaReZVH40AKNo7UCX6W+dEwBo/2oZJzqfuN1qLq1oL45o56cPaTXELwrTh8Fpggg=="
		},
		"remeda": {
			"version": "1.12.0",
			"resolved": "https://registry.npmjs.org/remeda/-/remeda-1.12.0.tgz",
			"integrity": "sha512-IuuWrP1UEyAafKHPQ6bSRGKUxvMh/Kla5LP8ujM/BMf3ciwt5M68j0vlYOl1pIv3J2pS+BMlFKqLtHoYuzcwYQ=="
		},
		"ts-pattern": {
			"version": "4.2.2",
			"resolved": "https://registry.npmjs.org/ts-pattern/-/ts-pattern-4.2.2.tgz",
			"integrity": "sha512-qzJMo2pbkUJWusRH5o8xR+xogn6RmvViyUgwBFTtRENLse470clCGjHDf6haWGZ1AOmk8XkEohUoBW8Uut6Scg=="
		},
		"typescript": {
			"version": "5.0.4",
			"resolved": "https://registry.npmjs.org/typescript/-/typescript-5.0.4.tgz",
			"integrity": "sha512-cW9T5W9xY37cc+jfEnaUvX91foxtHkza3Nw3wkoF4sSlKn0MONdkdEndig/qPBWXNkmplh3NzayQzCiHM4/hqw==",
			"dev": true
		}
	}
}
